
Microsoft Visual Studio Solution File, Format Version 12.00
# Visual Studio Version 17
VisualStudioVersion = 17.5.33530.505
MinimumVisualStudioVersion = 10.0.40219.1
Project("{FAE04EC0-301F-11D3-BF4B-00C04F79EFBC}") = "PasswordManager", "PasswordManager\PasswordManager.csproj", "{36837204-814F-4199-8C3F-EB076A9B93E6}"
EndProject
Global
	GlobalSection(SolutionConfigurationPlatforms) = preSolution
		Debug|Any CPU = Debug|Any CPU
		Release|Any CPU = Release|Any CPU
	EndGlobalSection
	GlobalSection(ProjectConfigurationPlatforms) = postSolution
		{36837204-814F-4199-8C3F-EB076A9B93E6}.Debug|Any CPU.ActiveCfg = Debug|Any CPU
		{36837204-814F-4199-8C3F-EB076A9B93E6}.Debug|Any CPU.Build.0 = Debug|Any CPU
		{36837204-814F-4199-8C3F-EB076A9B93E6}.Release|Any CPU.ActiveCfg = Release|Any CPU
		{36837204-814F-4199-8C3F-EB076A9B93E6}.Release|Any CPU.Build.0 = Release|Any CPU
	EndGlobalSection
	GlobalSection(SolutionProperties) = preSolution
		HideSolutionNode = FALSE
	EndGlobalSection
	GlobalSection(ExtensibilityGlobals) = postSolution
		SolutionGuid = {3D3863D7-AF15-49C8-A63A-47211710B155}
	EndGlobalSection
EndGlobal
